
Microsoft Visual Studio Solution File, Format Version 12.00
# Visual Studio Version 17
VisualStudioVersion = 17.4.33213.308
MinimumVisualStudioVersion = 10.0.40219.1
Project("{888888A0-9F3D-457C-B088-3A5042F75D52}") = "Interpolation", "Interpolation\Interpolation.pyproj", "{84F52D87-2153-4179-B99D-E0E666FDCBF8}"
EndProject
Global
	GlobalSection(SolutionConfigurationPlatforms) = preSolution
		Debug|Any CPU = Debug|Any CPU
		Release|Any CPU = Release|Any CPU
	EndGlobalSection
	GlobalSection(ProjectConfigurationPlatforms) = postSolution
		{84F52D87-2153-4179-B99D-E0E666FDCBF8}.Debug|Any CPU.ActiveCfg = Debug|Any CPU
		{84F52D87-2153-4179-B99D-E0E666FDCBF8}.Release|Any CPU.ActiveCfg = Release|Any CPU
	EndGlobalSection
	GlobalSection(SolutionProperties) = preSolution
		HideSolutionNode = FALSE
	EndGlobalSection
	GlobalSection(ExtensibilityGlobals) = postSolution
		SolutionGuid = {35AE638D-3212-4C23-886A-12B69DCD20C3}
	EndGlobalSection
EndGlobal
